
Microsoft Visual Studio Solution File, Format Version 12.00
# Visual Studio Version 17
VisualStudioVersion = 17.13.35828.75
MinimumVisualStudioVersion = 10.0.40219.1
Project("{FAE04EC0-301F-11D3-BF4B-00C04F79EFBC}") = "HASH", "HASH\HASH.csproj", "{8410E2B6-6EDA-45FC-B7F6-523A3B75958F}"
EndProject
Project("{FAE04EC0-301F-11D3-BF4B-00C04F79EFBC}") = "STRING_LOREM", "STRING_LOREM\STRING_LOREM.csproj", "{0D2325AC-5476-4A1D-8043-D28791B1E520}"
EndProject
Project("{FAE04EC0-301F-11D3-BF4B-00C04F79EFBC}") = "STRING_OBSFUCATE", "STRING_OBSFUCATE\STRING_OBSFUCATE.csproj", "{661623F7-B4A7-4BF0-84BE-22BE49B0305A}"
EndProject
Project("{FAE04EC0-301F-11D3-BF4B-00C04F79EFBC}") = "CONVERT_TEMPERATURE", "CONVERT_TEMPERATURE\CONVERT_TEMPERATURE.csproj", "{22A73D3A-D60E-45B0-ADED-EBC325EB9688}"
EndProject
Project("{FAE04EC0-301F-11D3-BF4B-00C04F79EFBC}") = "HASH_FILE", "HASH_FILE\HASH_FILE.csproj", "{0BAE793F-1FC3-4A79-A0D7-79B296D72BC5}"
EndProject
Project("{FAE04EC0-301F-11D3-BF4B-00C04F79EFBC}") = "HASH_PASSWORD", "HASH_PASSWORD\HASH_PASSWORD.csproj", "{E3F195B5-675A-430D-AA28-EED63C4B9007}"
EndProject
Project("{FAE04EC0-301F-11D3-BF4B-00C04F79EFBC}") = "WEB_URL_PARSER", "WEB_URL_PARSER\WEB_URL_PARSER.csproj", "{9B153A17-A074-4344-9553-FE8DC9D3BCE2}"
EndProject
Project("{FAE04EC0-301F-11D3-BF4B-00C04F79EFBC}") = "CONVERT_CHRONOMETER", "CONVERT_CHRONOMETER\CONVERT_CHRONOMETER.csproj", "{894EFB5E-92D7-497D-9248-BAB0381DB940}"
EndProject
Project("{FAE04EC0-301F-11D3-BF4B-00C04F79EFBC}") = "CONVERT_BANDWIDTH", "CONVERT_BANDWIDTH\CONVERT_BANDWIDTH.csproj", "{DA5AF4AC-2065-4F5E-B21F-25D16F0B08E2}"
EndProject
Project("{FAE04EC0-301F-11D3-BF4B-00C04F79EFBC}") = "SECURITY_PASSGEN", "SECURITY_PASSGEN\SECURITY_PASSGEN.csproj", "{0C650B98-3329-4990-B329-60FD94BBAE30}"
EndProject
Project("{FAE04EC0-301F-11D3-BF4B-00C04F79EFBC}") = "UUID", "UUID\UUID.csproj", "{AB436530-892D-4952-876D-00BE7E3781D2}"
EndProject
Project("{FAE04EC0-301F-11D3-BF4B-00C04F79EFBC}") = "SECURITY_PASSTEST", "SECURITY_PASSTEST\SECURITY_PASSTEST.csproj", "{D3EED7EA-ED3A-4593-B1AC-AD28D7AF6D63}"
EndProject
Project("{FAE04EC0-301F-11D3-BF4B-00C04F79EFBC}") = "SECURITY_HIDEEMAIL", "SECURITY_HIDEEMAIL\SECURITY_HIDEEMAIL.csproj", "{084BD5F8-67E8-4A45-B47D-B27916154F79}"
EndProject
Project("{FAE04EC0-301F-11D3-BF4B-00C04F79EFBC}") = "WEB_URL_ENCORDER", "WEB_URL_ENCORDER\WEB_URL_ENCORDER.csproj", "{56B485C3-2A23-45C8-BCA9-AA1849A64810}"
EndProject
Project("{FAE04EC0-301F-11D3-BF4B-00C04F79EFBC}") = "WEB_PORTGEN", "WEB_PORTGEN\WEB_PORTGEN.csproj", "{A3512D2C-17CF-4DDF-9930-035D9D209C65}"
EndProject
Project("{FAE04EC0-301F-11D3-BF4B-00C04F79EFBC}") = "SOURCE_GIT", "SOURCE_GIT\SOURCE_GIT.csproj", "{5F0C2175-D9E9-487A-908F-E6F5FE9AC469}"
EndProject
Project("{FAE04EC0-301F-11D3-BF4B-00C04F79EFBC}") = "SOURCE_DNS", "SOURCE_DNS\SOURCE_DNS.csproj", "{7F453F2C-5B5D-450A-A00E-6AADC44FBD34}"
EndProject
Project("{FAE04EC0-301F-11D3-BF4B-00C04F79EFBC}") = "SOURCE_QR", "SOURCE_QR\SOURCE_QR.csproj", "{B676A8EC-B96E-47FC-A57B-87C4ACD8A3CE}"
EndProject
Project("{FAE04EC0-301F-11D3-BF4B-00C04F79EFBC}") = "STRING_SPACE", "STRING_SPACE\STRING_SPACE.csproj", "{F6A4B1E8-1FA1-4CFC-BC21-6EFE74B6AE4F}"
EndProject
Project("{FAE04EC0-301F-11D3-BF4B-00C04F79EFBC}") = "RANDOM_TOKEN", "RANDOM_TOKEN\RANDOM_TOKEN.csproj", "{994D0E08-485D-4F3B-9EE1-1850B43936D4}"
EndProject
Project("{FAE04EC0-301F-11D3-BF4B-00C04F79EFBC}") = "MOCK_DATA", "MOCK_DATA\MOCK_DATA.csproj", "{C334C5E7-C251-4ACA-9632-8C9DB06ADBF0}"
EndProject
Project("{FAE04EC0-301F-11D3-BF4B-00C04F79EFBC}") = "IP_IPV4_SUBNET", "IP_IPV4_SUBNET\IP_IPV4_SUBNET.csproj", "{4A0E8987-CFF5-4099-9B81-917FFDE04C50}"
EndProject
Project("{FAE04EC0-301F-11D3-BF4B-00C04F79EFBC}") = "IP_IPV4_ADDRESS_CONVERTER", "IP_IPV4_ADDRESS_CONVERTER\IP_IPV4_ADDRESS_CONVERTER.csproj", "{867FE7CB-DDAC-4BCD-9456-6110BD59BB9C}"
EndProject
Project("{FAE04EC0-301F-11D3-BF4B-00C04F79EFBC}") = "IP_IPV4_RANG_EXPANDER", "IP_IPV4_RANG_EXPANDER\IP_IPV4_RANG_EXPANDER.csproj", "{2130E544-D7AD-4C0B-BF90-66D414EA5378}"
EndProject
Project("{FAE04EC0-301F-11D3-BF4B-00C04F79EFBC}") = "CONVERT_BASE64", "CONVERT_BASE64\CONVERT_BASE64.csproj", "{757F6C6F-6224-4D20-BE3D-DBCE951E1B7C}"
EndProject
Project("{FAE04EC0-301F-11D3-BF4B-00C04F79EFBC}") = "CONVERT_XML_JSON", "CONVERT_XML_JSON\CONVERT_XML_JSON.csproj", "{0D3EB172-252D-48BD-9F29-E8DDCA627B8A}"
EndProject
Project("{FAE04EC0-301F-11D3-BF4B-00C04F79EFBC}") = "JWT_PARSER", "JWT_PARSER\JWT_PARSER.csproj", "{56CCC62C-DFFD-4535-935F-9FD9CB30C320}"
EndProject
Project("{FAE04EC0-301F-11D3-BF4B-00C04F79EFBC}") = "ENCRYPT_AES", "ENCRYPT_AES\ENCRYPT_AES.csproj", "{EC9412BB-F36B-4359-AF21-5C2506FB48EB}"
EndProject
Project("{FAE04EC0-301F-11D3-BF4B-00C04F79EFBC}") = "ENCRYPT_RSA", "ENCRYPT_RSA\ENCRYPT_RSA.csproj", "{A75A75B7-F72B-4494-B05A-C3B1E5A97455}"
EndProject
Project("{FAE04EC0-301F-11D3-BF4B-00C04F79EFBC}") = "ENCRYPT_RSA_KEY", "ENCRYPT_RSA_KEY\ENCRYPT_RSA_KEY.csproj", "{A76D5D03-A9A1-4E67-BB1F-74F128F18714}"
EndProject
Global
	GlobalSection(SolutionConfigurationPlatforms) = preSolution
		Debug|Any CPU = Debug|Any CPU
		Release|Any CPU = Release|Any CPU
	EndGlobalSection
	GlobalSection(ProjectConfigurationPlatforms) = postSolution
		{8410E2B6-6EDA-45FC-B7F6-523A3B75958F}.Debug|Any CPU.ActiveCfg = Debug|Any CPU
		{8410E2B6-6EDA-45FC-B7F6-523A3B75958F}.Debug|Any CPU.Build.0 = Debug|Any CPU
		{8410E2B6-6EDA-45FC-B7F6-523A3B75958F}.Release|Any CPU.ActiveCfg = Release|Any CPU
		{8410E2B6-6EDA-45FC-B7F6-523A3B75958F}.Release|Any CPU.Build.0 = Release|Any CPU
		{0D2325AC-5476-4A1D-8043-D28791B1E520}.Debug|Any CPU.ActiveCfg = Debug|Any CPU
		{0D2325AC-5476-4A1D-8043-D28791B1E520}.Debug|Any CPU.Build.0 = Debug|Any CPU
		{0D2325AC-5476-4A1D-8043-D28791B1E520}.Release|Any CPU.ActiveCfg = Release|Any CPU
		{0D2325AC-5476-4A1D-8043-D28791B1E520}.Release|Any CPU.Build.0 = Release|Any CPU
		{661623F7-B4A7-4BF0-84BE-22BE49B0305A}.Debug|Any CPU.ActiveCfg = Debug|Any CPU
		{661623F7-B4A7-4BF0-84BE-22BE49B0305A}.Debug|Any CPU.Build.0 = Debug|Any CPU
		{661623F7-B4A7-4BF0-84BE-22BE49B0305A}.Release|Any CPU.ActiveCfg = Release|Any CPU
		{661623F7-B4A7-4BF0-84BE-22BE49B0305A}.Release|Any CPU.Build.0 = Release|Any CPU
		{22A73D3A-D60E-45B0-ADED-EBC325EB9688}.Debug|Any CPU.ActiveCfg = Debug|Any CPU
		{22A73D3A-D60E-45B0-ADED-EBC325EB9688}.Debug|Any CPU.Build.0 = Debug|Any CPU
		{22A73D3A-D60E-45B0-ADED-EBC325EB9688}.Release|Any CPU.ActiveCfg = Release|Any CPU
		{22A73D3A-D60E-45B0-ADED-EBC325EB9688}.Release|Any CPU.Build.0 = Release|Any CPU
		{0BAE793F-1FC3-4A79-A0D7-79B296D72BC5}.Debug|Any CPU.ActiveCfg = Debug|Any CPU
		{0BAE793F-1FC3-4A79-A0D7-79B296D72BC5}.Debug|Any CPU.Build.0 = Debug|Any CPU
		{0BAE793F-1FC3-4A79-A0D7-79B296D72BC5}.Release|Any CPU.ActiveCfg = Release|Any CPU
		{0BAE793F-1FC3-4A79-A0D7-79B296D72BC5}.Release|Any CPU.Build.0 = Release|Any CPU
		{E3F195B5-675A-430D-AA28-EED63C4B9007}.Debug|Any CPU.ActiveCfg = Debug|Any CPU
		{E3F195B5-675A-430D-AA28-EED63C4B9007}.Debug|Any CPU.Build.0 = Debug|Any CPU
		{E3F195B5-675A-430D-AA28-EED63C4B9007}.Release|Any CPU.ActiveCfg = Release|Any CPU
		{E3F195B5-675A-430D-AA28-EED63C4B9007}.Release|Any CPU.Build.0 = Release|Any CPU
		{9B153A17-A074-4344-9553-FE8DC9D3BCE2}.Debug|Any CPU.ActiveCfg = Debug|Any CPU
		{9B153A17-A074-4344-9553-FE8DC9D3BCE2}.Debug|Any CPU.Build.0 = Debug|Any CPU
		{9B153A17-A074-4344-9553-FE8DC9D3BCE2}.Release|Any CPU.ActiveCfg = Release|Any CPU
		{9B153A17-A074-4344-9553-FE8DC9D3BCE2}.Release|Any CPU.Build.0 = Release|Any CPU
		{894EFB5E-92D7-497D-9248-BAB0381DB940}.Debug|Any CPU.ActiveCfg = Debug|Any CPU
		{894EFB5E-92D7-497D-9248-BAB0381DB940}.Debug|Any CPU.Build.0 = Debug|Any CPU
		{894EFB5E-92D7-497D-9248-BAB0381DB940}.Release|Any CPU.ActiveCfg = Release|Any CPU
		{894EFB5E-92D7-497D-9248-BAB0381DB940}.Release|Any CPU.Build.0 = Release|Any CPU
		{DA5AF4AC-2065-4F5E-B21F-25D16F0B08E2}.Debug|Any CPU.ActiveCfg = Debug|Any CPU
		{DA5AF4AC-2065-4F5E-B21F-25D16F0B08E2}.Debug|Any CPU.Build.0 = Debug|Any CPU
		{DA5AF4AC-2065-4F5E-B21F-25D16F0B08E2}.Release|Any CPU.ActiveCfg = Release|Any CPU
		{DA5AF4AC-2065-4F5E-B21F-25D16F0B08E2}.Release|Any CPU.Build.0 = Release|Any CPU
		{0C650B98-3329-4990-B329-60FD94BBAE30}.Debug|Any CPU.ActiveCfg = Debug|Any CPU
		{0C650B98-3329-4990-B329-60FD94BBAE30}.Debug|Any CPU.Build.0 = Debug|Any CPU
		{0C650B98-3329-4990-B329-60FD94BBAE30}.Release|Any CPU.ActiveCfg = Release|Any CPU
		{0C650B98-3329-4990-B329-60FD94BBAE30}.Release|Any CPU.Build.0 = Release|Any CPU
		{AB436530-892D-4952-876D-00BE7E3781D2}.Debug|Any CPU.ActiveCfg = Debug|Any CPU
								{AB436530-892D-4952-876D-00BE7E3781D2}.Debug|Any CPU.Build.0 = Debug|Any CPU
								{AB436530-892D-4952-876D-00BE7E3781D2}.Release|Any CPU.ActiveCfg = Release|Any CPU
								{AB436530-892D-4952-876D-00BE7E3781D2}.Release|Any CPU.Build.0 = Release|Any CPU
		{D3EED7EA-ED3A-4593-B1AC-AD28D7AF6D63}.Debug|Any CPU.ActiveCfg = Debug|Any CPU
		{D3EED7EA-ED3A-4593-B1AC-AD28D7AF6D63}.Debug|Any CPU.Build.0 = Debug|Any CPU
		{D3EED7EA-ED3A-4593-B1AC-AD28D7AF6D63}.Release|Any CPU.ActiveCfg = Release|Any CPU
		{D3EED7EA-ED3A-4593-B1AC-AD28D7AF6D63}.Release|Any CPU.Build.0 = Release|Any CPU
		{084BD5F8-67E8-4A45-B47D-B27916154F79}.Debug|Any CPU.ActiveCfg = Debug|Any CPU
		{084BD5F8-67E8-4A45-B47D-B27916154F79}.Debug|Any CPU.Build.0 = Debug|Any CPU
		{084BD5F8-67E8-4A45-B47D-B27916154F79}.Release|Any CPU.ActiveCfg = Release|Any CPU
		{084BD5F8-67E8-4A45-B47D-B27916154F79}.Release|Any CPU.Build.0 = Release|Any CPU
		{56B485C3-2A23-45C8-BCA9-AA1849A64810}.Debug|Any CPU.ActiveCfg = Debug|Any CPU
		{56B485C3-2A23-45C8-BCA9-AA1849A64810}.Debug|Any CPU.Build.0 = Debug|Any CPU
		{56B485C3-2A23-45C8-BCA9-AA1849A64810}.Release|Any CPU.ActiveCfg = Release|Any CPU
		{56B485C3-2A23-45C8-BCA9-AA1849A64810}.Release|Any CPU.Build.0 = Release|Any CPU
		{A3512D2C-17CF-4DDF-9930-035D9D209C65}.Debug|Any CPU.ActiveCfg = Debug|Any CPU
		{A3512D2C-17CF-4DDF-9930-035D9D209C65}.Debug|Any CPU.Build.0 = Debug|Any CPU
		{A3512D2C-17CF-4DDF-9930-035D9D209C65}.Release|Any CPU.ActiveCfg = Release|Any CPU
		{A3512D2C-17CF-4DDF-9930-035D9D209C65}.Release|Any CPU.Build.0 = Release|Any CPU
		{5F0C2175-D9E9-487A-908F-E6F5FE9AC469}.Debug|Any CPU.ActiveCfg = Debug|Any CPU
		{5F0C2175-D9E9-487A-908F-E6F5FE9AC469}.Debug|Any CPU.Build.0 = Debug|Any CPU
		{5F0C2175-D9E9-487A-908F-E6F5FE9AC469}.Release|Any CPU.ActiveCfg = Release|Any CPU
		{5F0C2175-D9E9-487A-908F-E6F5FE9AC469}.Release|Any CPU.Build.0 = Release|Any CPU
		{7F453F2C-5B5D-450A-A00E-6AADC44FBD34}.Debug|Any CPU.ActiveCfg = Debug|Any CPU
		{7F453F2C-5B5D-450A-A00E-6AADC44FBD34}.Debug|Any CPU.Build.0 = Debug|Any CPU
		{7F453F2C-5B5D-450A-A00E-6AADC44FBD34}.Release|Any CPU.ActiveCfg = Release|Any CPU
		{7F453F2C-5B5D-450A-A00E-6AADC44FBD34}.Release|Any CPU.Build.0 = Release|Any CPU
		{B676A8EC-B96E-47FC-A57B-87C4ACD8A3CE}.Debug|Any CPU.ActiveCfg = Debug|Any CPU
		{B676A8EC-B96E-47FC-A57B-87C4ACD8A3CE}.Debug|Any CPU.Build.0 = Debug|Any CPU
		{B676A8EC-B96E-47FC-A57B-87C4ACD8A3CE}.Release|Any CPU.ActiveCfg = Release|Any CPU
		{B676A8EC-B96E-47FC-A57B-87C4ACD8A3CE}.Release|Any CPU.Build.0 = Release|Any CPU
		{F6A4B1E8-1FA1-4CFC-BC21-6EFE74B6AE4F}.Debug|Any CPU.ActiveCfg = Debug|Any CPU
		{F6A4B1E8-1FA1-4CFC-BC21-6EFE74B6AE4F}.Debug|Any CPU.Build.0 = Debug|Any CPU
		{F6A4B1E8-1FA1-4CFC-BC21-6EFE74B6AE4F}.Release|Any CPU.ActiveCfg = Release|Any CPU
		{F6A4B1E8-1FA1-4CFC-BC21-6EFE74B6AE4F}.Release|Any CPU.Build.0 = Release|Any CPU
		{994D0E08-485D-4F3B-9EE1-1850B43936D4}.Debug|Any CPU.ActiveCfg = Debug|Any CPU
		{994D0E08-485D-4F3B-9EE1-1850B43936D4}.Debug|Any CPU.Build.0 = Debug|Any CPU
		{994D0E08-485D-4F3B-9EE1-1850B43936D4}.Release|Any CPU.ActiveCfg = Release|Any CPU
		{994D0E08-485D-4F3B-9EE1-1850B43936D4}.Release|Any CPU.Build.0 = Release|Any CPU
		{C334C5E7-C251-4ACA-9632-8C9DB06ADBF0}.Debug|Any CPU.ActiveCfg = Debug|Any CPU
		{C334C5E7-C251-4ACA-9632-8C9DB06ADBF0}.Debug|Any CPU.Build.0 = Debug|Any CPU
		{C334C5E7-C251-4ACA-9632-8C9DB06ADBF0}.Release|Any CPU.ActiveCfg = Release|Any CPU
		{C334C5E7-C251-4ACA-9632-8C9DB06ADBF0}.Release|Any CPU.Build.0 = Release|Any CPU
		{4A0E8987-CFF5-4099-9B81-917FFDE04C50}.Debug|Any CPU.ActiveCfg = Debug|Any CPU
		{4A0E8987-CFF5-4099-9B81-917FFDE04C50}.Debug|Any CPU.Build.0 = Debug|Any CPU
		{4A0E8987-CFF5-4099-9B81-917FFDE04C50}.Release|Any CPU.ActiveCfg = Release|Any CPU
		{4A0E8987-CFF5-4099-9B81-917FFDE04C50}.Release|Any CPU.Build.0 = Release|Any CPU
		{867FE7CB-DDAC-4BCD-9456-6110BD59BB9C}.Debug|Any CPU.ActiveCfg = Debug|Any CPU
		{867FE7CB-DDAC-4BCD-9456-6110BD59BB9C}.Debug|Any CPU.Build.0 = Debug|Any CPU
		{867FE7CB-DDAC-4BCD-9456-6110BD59BB9C}.Release|Any CPU.ActiveCfg = Release|Any CPU
		{867FE7CB-DDAC-4BCD-9456-6110BD59BB9C}.Release|Any CPU.Build.0 = Release|Any CPU
		{2130E544-D7AD-4C0B-BF90-66D414EA5378}.Debug|Any CPU.ActiveCfg = Debug|Any CPU
		{2130E544-D7AD-4C0B-BF90-66D414EA5378}.Debug|Any CPU.Build.0 = Debug|Any CPU
		{2130E544-D7AD-4C0B-BF90-66D414EA5378}.Release|Any CPU.ActiveCfg = Release|Any CPU
		{2130E544-D7AD-4C0B-BF90-66D414EA5378}.Release|Any CPU.Build.0 = Release|Any CPU
		{757F6C6F-6224-4D20-BE3D-DBCE951E1B7C}.Debug|Any CPU.ActiveCfg = Debug|Any CPU
		{757F6C6F-6224-4D20-BE3D-DBCE951E1B7C}.Debug|Any CPU.Build.0 = Debug|Any CPU
		{757F6C6F-6224-4D20-BE3D-DBCE951E1B7C}.Release|Any CPU.ActiveCfg = Release|Any CPU
		{757F6C6F-6224-4D20-BE3D-DBCE951E1B7C}.Release|Any CPU.Build.0 = Release|Any CPU
		{0D3EB172-252D-48BD-9F29-E8DDCA627B8A}.Debug|Any CPU.ActiveCfg = Debug|Any CPU
		{0D3EB172-252D-48BD-9F29-E8DDCA627B8A}.Debug|Any CPU.Build.0 = Debug|Any CPU
		{0D3EB172-252D-48BD-9F29-E8DDCA627B8A}.Release|Any CPU.ActiveCfg = Release|Any CPU
		{0D3EB172-252D-48BD-9F29-E8DDCA627B8A}.Release|Any CPU.Build.0 = Release|Any CPU
		{56CCC62C-DFFD-4535-935F-9FD9CB30C320}.Debug|Any CPU.ActiveCfg = Debug|Any CPU
		{56CCC62C-DFFD-4535-935F-9FD9CB30C320}.Debug|Any CPU.Build.0 = Debug|Any CPU
		{56CCC62C-DFFD-4535-935F-9FD9CB30C320}.Release|Any CPU.ActiveCfg = Release|Any CPU
		{56CCC62C-DFFD-4535-935F-9FD9CB30C320}.Release|Any CPU.Build.0 = Release|Any CPU
		{EC9412BB-F36B-4359-AF21-5C2506FB48EB}.Debug|Any CPU.ActiveCfg = Debug|Any CPU
		{EC9412BB-F36B-4359-AF21-5C2506FB48EB}.Debug|Any CPU.Build.0 = Debug|Any CPU
		{EC9412BB-F36B-4359-AF21-5C2506FB48EB}.Release|Any CPU.ActiveCfg = Release|Any CPU
		{EC9412BB-F36B-4359-AF21-5C2506FB48EB}.Release|Any CPU.Build.0 = Release|Any CPU
		{A75A75B7-F72B-4494-B05A-C3B1E5A97455}.Debug|Any CPU.ActiveCfg = Debug|Any CPU
		{A75A75B7-F72B-4494-B05A-C3B1E5A97455}.Debug|Any CPU.Build.0 = Debug|Any CPU
		{A75A75B7-F72B-4494-B05A-C3B1E5A97455}.Release|Any CPU.ActiveCfg = Release|Any CPU
		{A75A75B7-F72B-4494-B05A-C3B1E5A97455}.Release|Any CPU.Build.0 = Release|Any CPU
		{A76D5D03-A9A1-4E67-BB1F-74F128F18714}.Debug|Any CPU.ActiveCfg = Debug|Any CPU
		{A76D5D03-A9A1-4E67-BB1F-74F128F18714}.Debug|Any CPU.Build.0 = Debug|Any CPU
		{A76D5D03-A9A1-4E67-BB1F-74F128F18714}.Release|Any CPU.ActiveCfg = Release|Any CPU
		{A76D5D03-A9A1-4E67-BB1F-74F128F18714}.Release|Any CPU.Build.0 = Release|Any CPU
	EndGlobalSection
	GlobalSection(SolutionProperties) = preSolution
		HideSolutionNode = FALSE
	EndGlobalSection
	GlobalSection(ExtensibilityGlobals) = postSolution
		SolutionGuid = {56F3C6C9-AE31-40EE-9158-EEFEA2112361}
	EndGlobalSection
EndGlobal
