
Microsoft Visual Studio Solution File, Format Version 12.00
# Visual Studio Version 17
VisualStudioVersion = 17.13.35818.85
MinimumVisualStudioVersion = 10.0.40219.1
Project("{FAE04EC0-301F-11D3-BF4B-00C04F79EFBC}") = "HASH", "HASH\HASH.csproj", "{739E9F2B-03BD-4943-9907-BA659C42D24F}"
EndProject
Project("{FAE04EC0-301F-11D3-BF4B-00C04F79EFBC}") = "HASH_FILE", "HASH_FILE\HASH_FILE.csproj", "{13309FDE-EBDC-445B-BC2D-616B1966F888}"
EndProject
Project("{FAE04EC0-301F-11D3-BF4B-00C04F79EFBC}") = "HASH_PASSWORD", "HASH_PASSWORD\HASH_PASSWORD.csproj", "{6DA3E616-14B8-424C-B7E1-0575687DC339}"
EndProject
Project("{FAE04EC0-301F-11D3-BF4B-00C04F79EFBC}") = "SOURCE_DNS", "SOURCE_DNS\SOURCE_DNS.csproj", "{3261EA3B-34A2-4CF9-8BC1-E43B500FF40F}"
EndProject
Project("{FAE04EC0-301F-11D3-BF4B-00C04F79EFBC}") = "SOURCE_QR", "SOURCE_QR\SOURCE_QR.csproj", "{A12481C6-5EB2-4EC1-8E2A-87A1BAB5F46A}"
EndProject
Project("{FAE04EC0-301F-11D3-BF4B-00C04F79EFBC}") = "ENCRYPT_AES", "ENCRYPT_AES\ENCRYPT_AES.csproj", "{4696C0F1-9ED9-4E61-9247-A4C122AD669E}"
EndProject
Project("{FAE04EC0-301F-11D3-BF4B-00C04F79EFBC}") = "ENCRYPT_RSA_KEY", "ENCRYPT_RSA_KEY\ENCRYPT_RSA_KEY.csproj", "{2C8A35CC-9CEB-4701-9CB6-B53796DC25F2}"
EndProject
Project("{FAE04EC0-301F-11D3-BF4B-00C04F79EFBC}") = "ENCRYPT_RSA", "ENCRYPT_RSA\ENCRYPT_RSA.csproj", "{121BF484-9F42-4B38-AEEB-EAE380D243B1}"
EndProject
Global
	GlobalSection(SolutionConfigurationPlatforms) = preSolution
		Debug|Any CPU = Debug|Any CPU
		Release|Any CPU = Release|Any CPU
	EndGlobalSection
	GlobalSection(ProjectConfigurationPlatforms) = postSolution
		{739E9F2B-03BD-4943-9907-BA659C42D24F}.Debug|Any CPU.ActiveCfg = Debug|Any CPU
		{739E9F2B-03BD-4943-9907-BA659C42D24F}.Debug|Any CPU.Build.0 = Debug|Any CPU
		{739E9F2B-03BD-4943-9907-BA659C42D24F}.Release|Any CPU.ActiveCfg = Release|Any CPU
		{739E9F2B-03BD-4943-9907-BA659C42D24F}.Release|Any CPU.Build.0 = Release|Any CPU
		{13309FDE-EBDC-445B-BC2D-616B1966F888}.Debug|Any CPU.ActiveCfg = Debug|Any CPU
		{13309FDE-EBDC-445B-BC2D-616B1966F888}.Debug|Any CPU.Build.0 = Debug|Any CPU
		{13309FDE-EBDC-445B-BC2D-616B1966F888}.Release|Any CPU.ActiveCfg = Release|Any CPU
		{13309FDE-EBDC-445B-BC2D-616B1966F888}.Release|Any CPU.Build.0 = Release|Any CPU
		{6DA3E616-14B8-424C-B7E1-0575687DC339}.Debug|Any CPU.ActiveCfg = Debug|Any CPU
		{6DA3E616-14B8-424C-B7E1-0575687DC339}.Debug|Any CPU.Build.0 = Debug|Any CPU
		{6DA3E616-14B8-424C-B7E1-0575687DC339}.Release|Any CPU.ActiveCfg = Release|Any CPU
		{6DA3E616-14B8-424C-B7E1-0575687DC339}.Release|Any CPU.Build.0 = Release|Any CPU
		{3261EA3B-34A2-4CF9-8BC1-E43B500FF40F}.Debug|Any CPU.ActiveCfg = Debug|Any CPU
		{3261EA3B-34A2-4CF9-8BC1-E43B500FF40F}.Debug|Any CPU.Build.0 = Debug|Any CPU
		{3261EA3B-34A2-4CF9-8BC1-E43B500FF40F}.Release|Any CPU.ActiveCfg = Release|Any CPU
		{3261EA3B-34A2-4CF9-8BC1-E43B500FF40F}.Release|Any CPU.Build.0 = Release|Any CPU
		{A12481C6-5EB2-4EC1-8E2A-87A1BAB5F46A}.Debug|Any CPU.ActiveCfg = Debug|Any CPU
		{A12481C6-5EB2-4EC1-8E2A-87A1BAB5F46A}.Debug|Any CPU.Build.0 = Debug|Any CPU
		{A12481C6-5EB2-4EC1-8E2A-87A1BAB5F46A}.Release|Any CPU.ActiveCfg = Release|Any CPU
		{A12481C6-5EB2-4EC1-8E2A-87A1BAB5F46A}.Release|Any CPU.Build.0 = Release|Any CPU
		{4696C0F1-9ED9-4E61-9247-A4C122AD669E}.Debug|Any CPU.ActiveCfg = Debug|Any CPU
		{4696C0F1-9ED9-4E61-9247-A4C122AD669E}.Debug|Any CPU.Build.0 = Debug|Any CPU
		{4696C0F1-9ED9-4E61-9247-A4C122AD669E}.Release|Any CPU.ActiveCfg = Release|Any CPU
		{4696C0F1-9ED9-4E61-9247-A4C122AD669E}.Release|Any CPU.Build.0 = Release|Any CPU
		{2C8A35CC-9CEB-4701-9CB6-B53796DC25F2}.Debug|Any CPU.ActiveCfg = Debug|Any CPU
		{2C8A35CC-9CEB-4701-9CB6-B53796DC25F2}.Debug|Any CPU.Build.0 = Debug|Any CPU
		{2C8A35CC-9CEB-4701-9CB6-B53796DC25F2}.Release|Any CPU.ActiveCfg = Release|Any CPU
		{2C8A35CC-9CEB-4701-9CB6-B53796DC25F2}.Release|Any CPU.Build.0 = Release|Any CPU
		{121BF484-9F42-4B38-AEEB-EAE380D243B1}.Debug|Any CPU.ActiveCfg = Debug|Any CPU
		{121BF484-9F42-4B38-AEEB-EAE380D243B1}.Debug|Any CPU.Build.0 = Debug|Any CPU
		{121BF484-9F42-4B38-AEEB-EAE380D243B1}.Release|Any CPU.ActiveCfg = Release|Any CPU
		{121BF484-9F42-4B38-AEEB-EAE380D243B1}.Release|Any CPU.Build.0 = Release|Any CPU
	EndGlobalSection
	GlobalSection(SolutionProperties) = preSolution
		HideSolutionNode = FALSE
	EndGlobalSection
	GlobalSection(ExtensibilityGlobals) = postSolution
		SolutionGuid = {ED36B16C-2D70-4015-B74B-D0B7BF0AFAB4}
	EndGlobalSection
EndGlobal
